// !$*UTF8*$!
{
	archiveVersion = 1;
	classes = {
	};
	objectVersion = 77;
	objects = {

/* Begin PBXBuildFile section */
		5F16DF902D12C72F0083FD5F /* Kingfisher in Frameworks */ = {isa = PBXBuildFile; productRef = 5F16DF8F2D12C72F0083FD5F /* Kingfisher */; };
		5F22990C2D16CA2C00A20DCE /* WidgetKit.framework in Frameworks */ = {isa = PBXBuildFile; fileRef = 5F22990B2D16CA2B00A20DCE /* WidgetKit.framework */; };
		5F22990E2D16CA2C00A20DCE /* SwiftUI.framework in Frameworks */ = {isa = PBXBuildFile; fileRef = 5F22990D2D16CA2C00A20DCE /* SwiftUI.framework */; };
		5F2299192D16CA2E00A20DCE /* NimbusWidgetExtension.appex in Embed Foundation Extensions */ = {isa = PBXBuildFile; fileRef = 5F2299092D16CA2B00A20DCE /* NimbusWidgetExtension.appex */; settings = {ATTRIBUTES = (RemoveHeadersOnCopy, ); }; };
		5F2299232D16DE2100A20DCE /* Kingfisher in Frameworks */ = {isa = PBXBuildFile; productRef = 5F2299222D16DE2100A20DCE /* Kingfisher */; };
		5F26DCC12D14060C00EDE4AB /* Swinject in Frameworks */ = {isa = PBXBuildFile; productRef = 5F26DCC02D14060C00EDE4AB /* Swinject */; };
		5F26DD782D14091800EDE4AB /* GRDBQuery in Frameworks */ = {isa = PBXBuildFile; productRef = 5F26DD772D14091800EDE4AB /* GRDBQuery */; };
/* End PBXBuildFile section */

/* Begin PBXContainerItemProxy section */
		5F2299172D16CA2E00A20DCE /* PBXContainerItemProxy */ = {
			isa = PBXContainerItemProxy;
			containerPortal = 5F5D8DA12D11973B00B0B521 /* Project object */;
			proxyType = 1;
			remoteGlobalIDString = 5F2299082D16CA2B00A20DCE;
			remoteInfo = NimbusWidgetExtension;
		};
/* End PBXContainerItemProxy section */

/* Begin PBXCopyFilesBuildPhase section */
		5F22991A2D16CA2E00A20DCE /* Embed Foundation Extensions */ = {
			isa = PBXCopyFilesBuildPhase;
			buildActionMask = 2147483647;
			dstPath = "";
			dstSubfolderSpec = 13;
			files = (
				5F2299192D16CA2E00A20DCE /* NimbusWidgetExtension.appex in Embed Foundation Extensions */,
			);
			name = "Embed Foundation Extensions";
			runOnlyForDeploymentPostprocessing = 0;
		};
/* End PBXCopyFilesBuildPhase section */

/* Begin PBXFileReference section */
		5F2299092D16CA2B00A20DCE /* NimbusWidgetExtension.appex */ = {isa = PBXFileReference; explicitFileType = "wrapper.app-extension"; includeInIndex = 0; path = NimbusWidgetExtension.appex; sourceTree = BUILT_PRODUCTS_DIR; };
		5F22990B2D16CA2B00A20DCE /* WidgetKit.framework */ = {isa = PBXFileReference; lastKnownFileType = wrapper.framework; name = WidgetKit.framework; path = System/Library/Frameworks/WidgetKit.framework; sourceTree = SDKROOT; };
		5F22990D2D16CA2C00A20DCE /* SwiftUI.framework */ = {isa = PBXFileReference; lastKnownFileType = wrapper.framework; name = SwiftUI.framework; path = System/Library/Frameworks/SwiftUI.framework; sourceTree = SDKROOT; };
		5F5D8DA92D11973B00B0B521 /* Nimbus.app */ = {isa = PBXFileReference; explicitFileType = wrapper.application; includeInIndex = 0; path = Nimbus.app; sourceTree = BUILT_PRODUCTS_DIR; };
/* End PBXFileReference section */

/* Begin PBXFileSystemSynchronizedBuildFileExceptionSet section */
		5F22991E2D16CA2E00A20DCE /* Exceptions for "NimbusWidget" folder in "NimbusWidgetExtension" target */ = {
			isa = PBXFileSystemSynchronizedBuildFileExceptionSet;
			membershipExceptions = (
				Info.plist,
			);
			target = 5F2299082D16CA2B00A20DCE /* NimbusWidgetExtension */;
		};
		5F2299202D16DCCC00A20DCE /* Exceptions for "Nimbus" folder in "NimbusWidgetExtension" target */ = {
			isa = PBXFileSystemSynchronizedBuildFileExceptionSet;
			membershipExceptions = (
				Configuration/EnvironmentVars/EnvironmentVars.generated.swift,
				DataSources/NimbusDS.swift,
				Endpoints/GeoDataEndpoints.swift,
				Endpoints/WeatherDataEndpoints.swift,
				Models/CurrentWeather.swift,
				Models/Forecast.swift,
				Models/Params/GeocodingQueries.swift,
				Models/Params/WeatherQueries.swift,
				Models/ReverseGeocodingElement.swift,
				Models/WeatherEntity.swift,
				Repositories/NimbusRepo.swift,
				Services/NimbusService.swift,
				Utils/BaseRepository.swift,
				"Utils/Extensions/String+Ext.swift",
				Utils/NConstants.swift,
				Utils/Networking/APIClient.swift,
				Utils/Networking/APIEndpoint.swift,
				Utils/Networking/APIError.swift,
				Utils/Networking/APIHeaders.swift,
				Utils/Networking/APIQueries.swift,
				Utils/Networking/APIRequest.swift,
				Utils/Networking/Models/APIErrorModel.swift,
				Utils/Networking/Models/EmptyBody.swift,
				Utils/NLogger.swift,
			);
			target = 5F2299082D16CA2B00A20DCE /* NimbusWidgetExtension */;
		};
		5F26DD792D14154500EDE4AB /* Exceptions for "Nimbus" folder in "Nimbus" target */ = {
			isa = PBXFileSystemSynchronizedBuildFileExceptionSet;
			membershipExceptions = (
				"Configuration/EnvironmentVars/env-example.xcconfig",
				Configuration/EnvironmentVars/env.xcconfig,
			);
			target = 5F5D8DA82D11973B00B0B521 /* Nimbus */;
		};
/* End PBXFileSystemSynchronizedBuildFileExceptionSet section */

/* Begin PBXFileSystemSynchronizedRootGroup section */
		5F22990F2D16CA2C00A20DCE /* NimbusWidget */ = {
			isa = PBXFileSystemSynchronizedRootGroup;
			exceptions = (
				5F22991E2D16CA2E00A20DCE /* Exceptions for "NimbusWidget" folder in "NimbusWidgetExtension" target */,
			);
			path = NimbusWidget;
			sourceTree = "<group>";
		};
		5F5D8DAB2D11973B00B0B521 /* Nimbus */ = {
			isa = PBXFileSystemSynchronizedRootGroup;
			exceptions = (
				5F26DD792D14154500EDE4AB /* Exceptions for "Nimbus" folder in "Nimbus" target */,
				5F2299202D16DCCC00A20DCE /* Exceptions for "Nimbus" folder in "NimbusWidgetExtension" target */,
			);
			path = Nimbus;
			sourceTree = "<group>";
		};
/* End PBXFileSystemSynchronizedRootGroup section */

/* Begin PBXFrameworksBuildPhase section */
		5F2299062D16CA2B00A20DCE /* Frameworks */ = {
			isa = PBXFrameworksBuildPhase;
			buildActionMask = 2147483647;
			files = (
				5F2299232D16DE2100A20DCE /* Kingfisher in Frameworks */,
				5F22990E2D16CA2C00A20DCE /* SwiftUI.framework in Frameworks */,
				5F22990C2D16CA2C00A20DCE /* WidgetKit.framework in Frameworks */,
			);
			runOnlyForDeploymentPostprocessing = 0;
		};
		5F5D8DA62D11973B00B0B521 /* Frameworks */ = {
			isa = PBXFrameworksBuildPhase;
			buildActionMask = 2147483647;
			files = (
				5F16DF902D12C72F0083FD5F /* Kingfisher in Frameworks */,
				5F26DD782D14091800EDE4AB /* GRDBQuery in Frameworks */,
				5F26DCC12D14060C00EDE4AB /* Swinject in Frameworks */,
			);
			runOnlyForDeploymentPostprocessing = 0;
		};
/* End PBXFrameworksBuildPhase section */

/* Begin PBXGroup section */
		5F22990A2D16CA2B00A20DCE /* Frameworks */ = {
			isa = PBXGroup;
			children = (
				5F22990B2D16CA2B00A20DCE /* WidgetKit.framework */,
				5F22990D2D16CA2C00A20DCE /* SwiftUI.framework */,
			);
			name = Frameworks;
			sourceTree = "<group>";
		};
		5F5D8DA02D11973B00B0B521 = {
			isa = PBXGroup;
			children = (
				5F5D8DAB2D11973B00B0B521 /* Nimbus */,
				5F22990F2D16CA2C00A20DCE /* NimbusWidget */,
				5F22990A2D16CA2B00A20DCE /* Frameworks */,
				5F5D8DAA2D11973B00B0B521 /* Products */,
			);
			sourceTree = "<group>";
		};
		5F5D8DAA2D11973B00B0B521 /* Products */ = {
			isa = PBXGroup;
			children = (
				5F5D8DA92D11973B00B0B521 /* Nimbus.app */,
				5F2299092D16CA2B00A20DCE /* NimbusWidgetExtension.appex */,
			);
			name = Products;
			sourceTree = "<group>";
		};
/* End PBXGroup section */

/* Begin PBXNativeTarget section */
		5F2299082D16CA2B00A20DCE /* NimbusWidgetExtension */ = {
			isa = PBXNativeTarget;
			buildConfigurationList = 5F22991D2D16CA2E00A20DCE /* Build configuration list for PBXNativeTarget "NimbusWidgetExtension" */;
			buildPhases = (
				5F2299052D16CA2B00A20DCE /* Sources */,
				5F2299062D16CA2B00A20DCE /* Frameworks */,
				5F2299072D16CA2B00A20DCE /* Resources */,
			);
			buildRules = (
			);
			dependencies = (
			);
			fileSystemSynchronizedGroups = (
				5F22990F2D16CA2C00A20DCE /* NimbusWidget */,
			);
			name = NimbusWidgetExtension;
			packageProductDependencies = (
				5F2299222D16DE2100A20DCE /* Kingfisher */,
			);
			productName = NimbusWidgetExtension;
			productReference = 5F2299092D16CA2B00A20DCE /* NimbusWidgetExtension.appex */;
			productType = "com.apple.product-type.app-extension";
		};
		5F5D8DA82D11973B00B0B521 /* Nimbus */ = {
			isa = PBXNativeTarget;
			buildConfigurationList = 5F5D8DB72D11973D00B0B521 /* Build configuration list for PBXNativeTarget "Nimbus" */;
			buildPhases = (
				5F5D8DA52D11973B00B0B521 /* Sources */,
				5F5D8DA62D11973B00B0B521 /* Frameworks */,
				5F5D8DA72D11973B00B0B521 /* Resources */,
				5F65016D2D1226BE007B8ABC /* ShellScript */,
				5F6501752D12286F007B8ABC /* ShellScript */,
				5F22991A2D16CA2E00A20DCE /* Embed Foundation Extensions */,
			);
			buildRules = (
			);
			dependencies = (
				5F2299182D16CA2E00A20DCE /* PBXTargetDependency */,
			);
			fileSystemSynchronizedGroups = (
				5F5D8DAB2D11973B00B0B521 /* Nimbus */,
			);
			name = Nimbus;
			packageProductDependencies = (
				5F16DF8F2D12C72F0083FD5F /* Kingfisher */,
				5F26DCC02D14060C00EDE4AB /* Swinject */,
				5F26DD772D14091800EDE4AB /* GRDBQuery */,
			);
			productName = Nimbus;
			productReference = 5F5D8DA92D11973B00B0B521 /* Nimbus.app */;
			productType = "com.apple.product-type.application";
		};
/* End PBXNativeTarget section */

/* Begin PBXProject section */
		5F5D8DA12D11973B00B0B521 /* Project object */ = {
			isa = PBXProject;
			attributes = {
				BuildIndependentTargetsInParallel = 1;
				LastSwiftUpdateCheck = 1620;
				LastUpgradeCheck = 1620;
				TargetAttributes = {
					5F2299082D16CA2B00A20DCE = {
						CreatedOnToolsVersion = 16.2;
					};
					5F5D8DA82D11973B00B0B521 = {
						CreatedOnToolsVersion = 16.1;
					};
				};
			};
			buildConfigurationList = 5F5D8DA42D11973B00B0B521 /* Build configuration list for PBXProject "Nimbus" */;
			developmentRegion = en;
			hasScannedForEncodings = 0;
			knownRegions = (
				en,
				Base,
			);
			mainGroup = 5F5D8DA02D11973B00B0B521;
			minimizedProjectReferenceProxies = 1;
			packageReferences = (
				5F65016E2D1227B5007B8ABC /* XCRemoteSwiftPackageReference "Sourcery" */,
				5F16DF8E2D12C72F0083FD5F /* XCRemoteSwiftPackageReference "Kingfisher" */,
				5F26DCBF2D14060C00EDE4AB /* XCRemoteSwiftPackageReference "Swinject" */,
				5F26DD762D14091800EDE4AB /* XCRemoteSwiftPackageReference "GRDBQuery" */,
			);
			preferredProjectObjectVersion = 77;
			productRefGroup = 5F5D8DAA2D11973B00B0B521 /* Products */;
			projectDirPath = "";
			projectRoot = "";
			targets = (
				5F5D8DA82D11973B00B0B521 /* Nimbus */,
				5F2299082D16CA2B00A20DCE /* NimbusWidgetExtension */,
			);
		};
/* End PBXProject section */

/* Begin PBXResourcesBuildPhase section */
		5F2299072D16CA2B00A20DCE /* Resources */ = {
			isa = PBXResourcesBuildPhase;
			buildActionMask = 2147483647;
			files = (
			);
			runOnlyForDeploymentPostprocessing = 0;
		};
		5F5D8DA72D11973B00B0B521 /* Resources */ = {
			isa = PBXResourcesBuildPhase;
			buildActionMask = 2147483647;
			files = (
			);
			runOnlyForDeploymentPostprocessing = 0;
		};
/* End PBXResourcesBuildPhase section */

/* Begin PBXShellScriptBuildPhase section */
		5F65016D2D1226BE007B8ABC /* ShellScript */ = {
			isa = PBXShellScriptBuildPhase;
			buildActionMask = 2147483647;
			files = (
			);
			inputFileListPaths = (
			);
			inputPaths = (
			);
			outputFileListPaths = (
			);
			outputPaths = (
			);
			runOnlyForDeploymentPostprocessing = 0;
			shellPath = /bin/sh;
			shellScript = "#!/bin/bash\n\n# This script should be run as a phase script before building the project\n#\n# The script:\n# 1. Copies .env-example.xcconfig to .env.xcconfig if .env.xcconfig does not exist\n\nif [ $ACTION = \"indexbuild\" ]; then exit 0; fi\n\necho \"EnvironmentVars init\"\n\necho \"$SRCROOT\"\n\nCONFIGURATION_PATH=\"${SRCROOT}/Nimbus/Configuration/EnvironmentVars\"\n\n# Path to the env.xcconfig file\n\nxcconfig_file=\"${CONFIGURATION_PATH}/env.xcconfig\"\n\nif [ -f \"$xcconfig_file\" ]; then\n  echo \"The file '$xcconfig_file' found.\"\nelse\n\n  echo \"The file '$xcconfig_file' does not exist.\"\n  example_xcconfig_file=\"${CONFIGURATION_PATH}/env-example.xcconfig\"\n  cp \"$example_xcconfig_file\" \"$xcconfig_file\"\n  echo \"Copied from '$example_xcconfig_file' to '$xcconfig_file'\"\nfi\n";
		};
		5F6501752D12286F007B8ABC /* ShellScript */ = {
			isa = PBXShellScriptBuildPhase;
			buildActionMask = 2147483647;
			files = (
			);
			inputFileListPaths = (
			);
			inputPaths = (
			);
			outputFileListPaths = (
			);
			outputPaths = (
			);
			runOnlyForDeploymentPostprocessing = 0;
			shellPath = /bin/sh;
			shellScript = "# This script should be run as a phase script before building the project\n#\n# The script:\n# 1. Reads env vars from .env.xcconfig\n# 2. Performs EnvironmentVars code generation using Sourcery and EnvironmentVars.stencil template\n\nif [ $ACTION = \"indexbuild\" ]; then exit 0; fi\n\necho \"EnvironmentVars CodeGen\"\n\nCONFIGURATION_PATH=\"${SRCROOT}/Nimbus/Configuration/EnvironmentVars\"\nTEMPLATE_PATH=\"${CONFIGURATION_PATH}/EnvironmentVars.stencil\"\n\n# Path to the env.xcconfig file\nxcconfig_file=\"${CONFIGURATION_PATH}/env.xcconfig\"\n\nif ! [ -f \"$xcconfig_file\" ]; then\n    echo \"The file '$xcconfig_file' does not exist. Run 'env_vars_init.sh' first.\"\n    exit 1\nfi\n\necho \"Performing EnvironmentVars CodeGen.\"\n\n# Declare an empty string to hold the env variables in comma-separated format\nenv_vars=\"\"\n\n# Read each line from the xcconfig file\nwhile IFS= read -r line; do\n  # Ignore comments and empty lines\n  if [[ \"$line\" =~ ^\\s*# ]] || [[ -z \"$line\" ]]; then\n    continue\n  fi\n\n  # Extract the variable name and value from the line\n  var_name=\"$(echo \"$line\" | cut -d'=' -f1 | sed 's/ //g')\"\n  var_value=\"$(echo \"$line\" | cut -d'=' -f2- | sed 's/^ *//;s/ *$//')\"\n\n  # Append the variable to the env_vars string\n  env_vars+=\"$var_name=$var_value,\"\ndone < \"$xcconfig_file\"\n\n# Remove the trailing comma\nenv_vars=\"${env_vars%,}\"\n# Use full path to Sourcery executable\nSOURCERY_EXECUTABLE=\"/opt/homebrew/bin/sourcery\"\n\n# Run Sourcery Codegen\n\"$SOURCERY_EXECUTABLE\" --templates \"${TEMPLATE_PATH}\" --sources \"${CONFIGURATION_PATH}\" --output \"${CONFIGURATION_PATH}\" --args \"$env_vars\"\n";
		};
/* End PBXShellScriptBuildPhase section */

/* Begin PBXSourcesBuildPhase section */
		5F2299052D16CA2B00A20DCE /* Sources */ = {
			isa = PBXSourcesBuildPhase;
			buildActionMask = 2147483647;
			files = (
			);
			runOnlyForDeploymentPostprocessing = 0;
		};
		5F5D8DA52D11973B00B0B521 /* Sources */ = {
			isa = PBXSourcesBuildPhase;
			buildActionMask = 2147483647;
			files = (
			);
			runOnlyForDeploymentPostprocessing = 0;
		};
/* End PBXSourcesBuildPhase section */

/* Begin PBXTargetDependency section */
		5F2299182D16CA2E00A20DCE /* PBXTargetDependency */ = {
			isa = PBXTargetDependency;
			target = 5F2299082D16CA2B00A20DCE /* NimbusWidgetExtension */;
			targetProxy = 5F2299172D16CA2E00A20DCE /* PBXContainerItemProxy */;
		};
/* End PBXTargetDependency section */

/* Begin XCBuildConfiguration section */
		5F22991B2D16CA2E00A20DCE /* Debug */ = {
			isa = XCBuildConfiguration;
			buildSettings = {
				ASSETCATALOG_COMPILER_GLOBAL_ACCENT_COLOR_NAME = AccentColor;
				ASSETCATALOG_COMPILER_WIDGET_BACKGROUND_COLOR_NAME = WidgetBackground;
				CODE_SIGN_STYLE = Automatic;
				CURRENT_PROJECT_VERSION = 1;
				DEVELOPMENT_TEAM = X423NX4WYH;
				ENABLE_USER_SCRIPT_SANDBOXING = YES;
				GENERATE_INFOPLIST_FILE = YES;
				INFOPLIST_FILE = NimbusWidget/Info.plist;
				INFOPLIST_KEY_CFBundleDisplayName = NimbusWidget;
				INFOPLIST_KEY_NSHumanReadableCopyright = "";
				IPHONEOS_DEPLOYMENT_TARGET = 18.2;
				LD_RUNPATH_SEARCH_PATHS = (
					"$(inherited)",
					"@executable_path/Frameworks",
					"@executable_path/../../Frameworks",
				);
				MARKETING_VERSION = 1.0;
				PRODUCT_BUNDLE_IDENTIFIER = mhdmoh.com.Nimbus.NimbusWidget;
				PRODUCT_NAME = "$(TARGET_NAME)";
				SKIP_INSTALL = YES;
				SWIFT_EMIT_LOC_STRINGS = YES;
				SWIFT_VERSION = 5.0;
				TARGETED_DEVICE_FAMILY = "1,2";
			};
			name = Debug;
		};
		5F22991C2D16CA2E00A20DCE /* Release */ = {
			isa = XCBuildConfiguration;
			buildSettings = {
				ASSETCATALOG_COMPILER_GLOBAL_ACCENT_COLOR_NAME = AccentColor;
				ASSETCATALOG_COMPILER_WIDGET_BACKGROUND_COLOR_NAME = WidgetBackground;
				CODE_SIGN_STYLE = Automatic;
				CURRENT_PROJECT_VERSION = 1;
				DEVELOPMENT_TEAM = X423NX4WYH;
				ENABLE_USER_SCRIPT_SANDBOXING = YES;
				GENERATE_INFOPLIST_FILE = YES;
				INFOPLIST_FILE = NimbusWidget/Info.plist;
				INFOPLIST_KEY_CFBundleDisplayName = NimbusWidget;
				INFOPLIST_KEY_NSHumanReadableCopyright = "";
				IPHONEOS_DEPLOYMENT_TARGET = 18.2;
				LD_RUNPATH_SEARCH_PATHS = (
					"$(inherited)",
					"@executable_path/Frameworks",
					"@executable_path/../../Frameworks",
				);
				MARKETING_VERSION = 1.0;
				PRODUCT_BUNDLE_IDENTIFIER = mhdmoh.com.Nimbus.NimbusWidget;
				PRODUCT_NAME = "$(TARGET_NAME)";
				SKIP_INSTALL = YES;
				SWIFT_EMIT_LOC_STRINGS = YES;
				SWIFT_VERSION = 5.0;
				TARGETED_DEVICE_FAMILY = "1,2";
			};
			name = Release;
		};
		5F5D8DB52D11973D00B0B521 /* Debug */ = {
			isa = XCBuildConfiguration;
			buildSettings = {
				ALWAYS_SEARCH_USER_PATHS = NO;
				ASSETCATALOG_COMPILER_GENERATE_SWIFT_ASSET_SYMBOL_EXTENSIONS = YES;
				CLANG_ANALYZER_NONNULL = YES;
				CLANG_ANALYZER_NUMBER_OBJECT_CONVERSION = YES_AGGRESSIVE;
				CLANG_CXX_LANGUAGE_STANDARD = "gnu++20";
				CLANG_ENABLE_MODULES = YES;
				CLANG_ENABLE_OBJC_ARC = YES;
				CLANG_ENABLE_OBJC_WEAK = YES;
				CLANG_WARN_BLOCK_CAPTURE_AUTORELEASING = YES;
				CLANG_WARN_BOOL_CONVERSION = YES;
				CLANG_WARN_COMMA = YES;
				CLANG_WARN_CONSTANT_CONVERSION = YES;
				CLANG_WARN_DEPRECATED_OBJC_IMPLEMENTATIONS = YES;
				CLANG_WARN_DIRECT_OBJC_ISA_USAGE = YES_ERROR;
				CLANG_WARN_DOCUMENTATION_COMMENTS = YES;
				CLANG_WARN_EMPTY_BODY = YES;
				CLANG_WARN_ENUM_CONVERSION = YES;
				CLANG_WARN_INFINITE_RECURSION = YES;
				CLANG_WARN_INT_CONVERSION = YES;
				CLANG_WARN_NON_LITERAL_NULL_CONVERSION = YES;
				CLANG_WARN_OBJC_IMPLICIT_RETAIN_SELF = YES;
				CLANG_WARN_OBJC_LITERAL_CONVERSION = YES;
				CLANG_WARN_OBJC_ROOT_CLASS = YES_ERROR;
				CLANG_WARN_QUOTED_INCLUDE_IN_FRAMEWORK_HEADER = YES;
				CLANG_WARN_RANGE_LOOP_ANALYSIS = YES;
				CLANG_WARN_STRICT_PROTOTYPES = YES;
				CLANG_WARN_SUSPICIOUS_MOVE = YES;
				CLANG_WARN_UNGUARDED_AVAILABILITY = YES_AGGRESSIVE;
				CLANG_WARN_UNREACHABLE_CODE = YES;
				CLANG_WARN__DUPLICATE_METHOD_MATCH = YES;
				COPY_PHASE_STRIP = NO;
				DEBUG_INFORMATION_FORMAT = dwarf;
				ENABLE_STRICT_OBJC_MSGSEND = YES;
				ENABLE_TESTABILITY = YES;
				ENABLE_USER_SCRIPT_SANDBOXING = NO;
				GCC_C_LANGUAGE_STANDARD = gnu17;
				GCC_DYNAMIC_NO_PIC = NO;
				GCC_NO_COMMON_BLOCKS = YES;
				GCC_OPTIMIZATION_LEVEL = 0;
				GCC_PREPROCESSOR_DEFINITIONS = (
					"DEBUG=1",
					"$(inherited)",
				);
				GCC_WARN_64_TO_32_BIT_CONVERSION = YES;
				GCC_WARN_ABOUT_RETURN_TYPE = YES_ERROR;
				GCC_WARN_UNDECLARED_SELECTOR = YES;
				GCC_WARN_UNINITIALIZED_AUTOS = YES_AGGRESSIVE;
				GCC_WARN_UNUSED_FUNCTION = YES;
				GCC_WARN_UNUSED_VARIABLE = YES;
				IPHONEOS_DEPLOYMENT_TARGET = 18.1;
				LOCALIZATION_PREFERS_STRING_CATALOGS = YES;
				MTL_ENABLE_DEBUG_INFO = INCLUDE_SOURCE;
				MTL_FAST_MATH = YES;
				ONLY_ACTIVE_ARCH = YES;
				SDKROOT = iphoneos;
				SWIFT_ACTIVE_COMPILATION_CONDITIONS = "DEBUG $(inherited)";
				SWIFT_OPTIMIZATION_LEVEL = "-Onone";
			};
			name = Debug;
		};
		5F5D8DB62D11973D00B0B521 /* Release */ = {
			isa = XCBuildConfiguration;
			buildSettings = {
				ALWAYS_SEARCH_USER_PATHS = NO;
				ASSETCATALOG_COMPILER_GENERATE_SWIFT_ASSET_SYMBOL_EXTENSIONS = YES;
				CLANG_ANALYZER_NONNULL = YES;
				CLANG_ANALYZER_NUMBER_OBJECT_CONVERSION = YES_AGGRESSIVE;
				CLANG_CXX_LANGUAGE_STANDARD = "gnu++20";
				CLANG_ENABLE_MODULES = YES;
				CLANG_ENABLE_OBJC_ARC = YES;
				CLANG_ENABLE_OBJC_WEAK = YES;
				CLANG_WARN_BLOCK_CAPTURE_AUTORELEASING = YES;
				CLANG_WARN_BOOL_CONVERSION = YES;
				CLANG_WARN_COMMA = YES;
				CLANG_WARN_CONSTANT_CONVERSION = YES;
				CLANG_WARN_DEPRECATED_OBJC_IMPLEMENTATIONS = YES;
				CLANG_WARN_DIRECT_OBJC_ISA_USAGE = YES_ERROR;
				CLANG_WARN_DOCUMENTATION_COMMENTS = YES;
				CLANG_WARN_EMPTY_BODY = YES;
				CLANG_WARN_ENUM_CONVERSION = YES;
				CLANG_WARN_INFINITE_RECURSION = YES;
				CLANG_WARN_INT_CONVERSION = YES;
				CLANG_WARN_NON_LITERAL_NULL_CONVERSION = YES;
				CLANG_WARN_OBJC_IMPLICIT_RETAIN_SELF = YES;
				CLANG_WARN_OBJC_LITERAL_CONVERSION = YES;
				CLANG_WARN_OBJC_ROOT_CLASS = YES_ERROR;
				CLANG_WARN_QUOTED_INCLUDE_IN_FRAMEWORK_HEADER = YES;
				CLANG_WARN_RANGE_LOOP_ANALYSIS = YES;
				CLANG_WARN_STRICT_PROTOTYPES = YES;
				CLANG_WARN_SUSPICIOUS_MOVE = YES;
				CLANG_WARN_UNGUARDED_AVAILABILITY = YES_AGGRESSIVE;
				CLANG_WARN_UNREACHABLE_CODE = YES;
				CLANG_WARN__DUPLICATE_METHOD_MATCH = YES;
				COPY_PHASE_STRIP = NO;
				DEBUG_INFORMATION_FORMAT = "dwarf-with-dsym";
				ENABLE_NS_ASSERTIONS = NO;
				ENABLE_STRICT_OBJC_MSGSEND = YES;
				ENABLE_USER_SCRIPT_SANDBOXING = NO;
				GCC_C_LANGUAGE_STANDARD = gnu17;
				GCC_NO_COMMON_BLOCKS = YES;
				GCC_WARN_64_TO_32_BIT_CONVERSION = YES;
				GCC_WARN_ABOUT_RETURN_TYPE = YES_ERROR;
				GCC_WARN_UNDECLARED_SELECTOR = YES;
				GCC_WARN_UNINITIALIZED_AUTOS = YES_AGGRESSIVE;
				GCC_WARN_UNUSED_FUNCTION = YES;
				GCC_WARN_UNUSED_VARIABLE = YES;
				IPHONEOS_DEPLOYMENT_TARGET = 18.1;
				LOCALIZATION_PREFERS_STRING_CATALOGS = YES;
				MTL_ENABLE_DEBUG_INFO = NO;
				MTL_FAST_MATH = YES;
				SDKROOT = iphoneos;
				SWIFT_COMPILATION_MODE = wholemodule;
				VALIDATE_PRODUCT = YES;
			};
			name = Release;
		};
		5F5D8DB82D11973D00B0B521 /* Debug */ = {
			isa = XCBuildConfiguration;
			buildSettings = {
				ASSETCATALOG_COMPILER_APPICON_NAME = AppIcon;
				ASSETCATALOG_COMPILER_GLOBAL_ACCENT_COLOR_NAME = AccentColor;
				CODE_SIGN_STYLE = Automatic;
				CURRENT_PROJECT_VERSION = 1;
				DEVELOPMENT_ASSET_PATHS = "\"Nimbus/Preview Content\"";
				DEVELOPMENT_TEAM = X423NX4WYH;
				ENABLE_PREVIEWS = YES;
				GENERATE_INFOPLIST_FILE = YES;
				INFOPLIST_KEY_NSLocationWhenInUseUsageDescription = "To get the weather in the user current location";
				INFOPLIST_KEY_UIApplicationSceneManifest_Generation = YES;
				INFOPLIST_KEY_UIApplicationSupportsIndirectInputEvents = YES;
				INFOPLIST_KEY_UILaunchScreen_Generation = YES;
				INFOPLIST_KEY_UISupportedInterfaceOrientations_iPad = "UIInterfaceOrientationPortrait UIInterfaceOrientationPortraitUpsideDown UIInterfaceOrientationLandscapeLeft UIInterfaceOrientationLandscapeRight";
				INFOPLIST_KEY_UISupportedInterfaceOrientations_iPhone = "UIInterfaceOrientationPortrait UIInterfaceOrientationLandscapeLeft UIInterfaceOrientationLandscapeRight";
				LD_RUNPATH_SEARCH_PATHS = (
					"$(inherited)",
					"@executable_path/Frameworks",
				);
				MARKETING_VERSION = 1.0;
				PRODUCT_BUNDLE_IDENTIFIER = mhdmoh.com.Nimbus;
				PRODUCT_NAME = "$(TARGET_NAME)";
				SWIFT_EMIT_LOC_STRINGS = YES;
				SWIFT_VERSION = 5.0;
				TARGETED_DEVICE_FAMILY = "1,2";
			};
			name = Debug;
		};
		5F5D8DB92D11973D00B0B521 /* Release */ = {
			isa = XCBuildConfiguration;
			buildSettings = {
				ASSETCATALOG_COMPILER_APPICON_NAME = AppIcon;
				ASSETCATALOG_COMPILER_GLOBAL_ACCENT_COLOR_NAME = AccentColor;
				CODE_SIGN_STYLE = Automatic;
				CURRENT_PROJECT_VERSION = 1;
				DEVELOPMENT_ASSET_PATHS = "\"Nimbus/Preview Content\"";
				DEVELOPMENT_TEAM = X423NX4WYH;
				ENABLE_PREVIEWS = YES;
				GENERATE_INFOPLIST_FILE = YES;
				INFOPLIST_KEY_NSLocationWhenInUseUsageDescription = "To get the weather in the user current location";
				INFOPLIST_KEY_UIApplicationSceneManifest_Generation = YES;
				INFOPLIST_KEY_UIApplicationSupportsIndirectInputEvents = YES;
				INFOPLIST_KEY_UILaunchScreen_Generation = YES;
				INFOPLIST_KEY_UISupportedInterfaceOrientations_iPad = "UIInterfaceOrientationPortrait UIInterfaceOrientationPortraitUpsideDown UIInterfaceOrientationLandscapeLeft UIInterfaceOrientationLandscapeRight";
				INFOPLIST_KEY_UISupportedInterfaceOrientations_iPhone = "UIInterfaceOrientationPortrait UIInterfaceOrientationLandscapeLeft UIInterfaceOrientationLandscapeRight";
				LD_RUNPATH_SEARCH_PATHS = (
					"$(inherited)",
					"@executable_path/Frameworks",
				);
				MARKETING_VERSION = 1.0;
				PRODUCT_BUNDLE_IDENTIFIER = mhdmoh.com.Nimbus;
				PRODUCT_NAME = "$(TARGET_NAME)";
				SWIFT_EMIT_LOC_STRINGS = YES;
				SWIFT_VERSION = 5.0;
				TARGETED_DEVICE_FAMILY = "1,2";
			};
			name = Release;
		};
/* End XCBuildConfiguration section */

/* Begin XCConfigurationList section */
		5F22991D2D16CA2E00A20DCE /* Build configuration list for PBXNativeTarget "NimbusWidgetExtension" */ = {
			isa = XCConfigurationList;
			buildConfigurations = (
				5F22991B2D16CA2E00A20DCE /* Debug */,
				5F22991C2D16CA2E00A20DCE /* Release */,
			);
			defaultConfigurationIsVisible = 0;
			defaultConfigurationName = Release;
		};
		5F5D8DA42D11973B00B0B521 /* Build configuration list for PBXProject "Nimbus" */ = {
			isa = XCConfigurationList;
			buildConfigurations = (
				5F5D8DB52D11973D00B0B521 /* Debug */,
				5F5D8DB62D11973D00B0B521 /* Release */,
			);
			defaultConfigurationIsVisible = 0;
			defaultConfigurationName = Release;
		};
		5F5D8DB72D11973D00B0B521 /* Build configuration list for PBXNativeTarget "Nimbus" */ = {
			isa = XCConfigurationList;
			buildConfigurations = (
				5F5D8DB82D11973D00B0B521 /* Debug */,
				5F5D8DB92D11973D00B0B521 /* Release */,
			);
			defaultConfigurationIsVisible = 0;
			defaultConfigurationName = Release;
		};
/* End XCConfigurationList section */

/* Begin XCRemoteSwiftPackageReference section */
		5F16DF8E2D12C72F0083FD5F /* XCRemoteSwiftPackageReference "Kingfisher" */ = {
			isa = XCRemoteSwiftPackageReference;
			repositoryURL = "https://github.com/onevcat/Kingfisher";
			requirement = {
				kind = upToNextMajorVersion;
				minimumVersion = 8.1.3;
			};
		};
		5F26DCBF2D14060C00EDE4AB /* XCRemoteSwiftPackageReference "Swinject" */ = {
			isa = XCRemoteSwiftPackageReference;
			repositoryURL = "https://github.com/Swinject/Swinject";
			requirement = {
				kind = upToNextMajorVersion;
				minimumVersion = 2.9.1;
			};
		};
		5F26DD762D14091800EDE4AB /* XCRemoteSwiftPackageReference "GRDBQuery" */ = {
			isa = XCRemoteSwiftPackageReference;
			repositoryURL = "https://github.com/groue/GRDBQuery";
			requirement = {
				kind = upToNextMajorVersion;
				minimumVersion = 0.10.1;
			};
		};
		5F65016E2D1227B5007B8ABC /* XCRemoteSwiftPackageReference "Sourcery" */ = {
			isa = XCRemoteSwiftPackageReference;
			repositoryURL = "https://github.com/krzysztofzablocki/Sourcery?ref=kazaimazai.com";
			requirement = {
				kind = upToNextMajorVersion;
				minimumVersion = 2.2.5;
			};
		};
/* End XCRemoteSwiftPackageReference section */

/* Begin XCSwiftPackageProductDependency section */
		5F16DF8F2D12C72F0083FD5F /* Kingfisher */ = {
			isa = XCSwiftPackageProductDependency;
			package = 5F16DF8E2D12C72F0083FD5F /* XCRemoteSwiftPackageReference "Kingfisher" */;
			productName = Kingfisher;
		};
		5F2299222D16DE2100A20DCE /* Kingfisher */ = {
			isa = XCSwiftPackageProductDependency;
			package = 5F16DF8E2D12C72F0083FD5F /* XCRemoteSwiftPackageReference "Kingfisher" */;
			productName = Kingfisher;
		};
		5F26DCC02D14060C00EDE4AB /* Swinject */ = {
			isa = XCSwiftPackageProductDependency;
			package = 5F26DCBF2D14060C00EDE4AB /* XCRemoteSwiftPackageReference "Swinject" */;
			productName = Swinject;
		};
		5F26DD772D14091800EDE4AB /* GRDBQuery */ = {
			isa = XCSwiftPackageProductDependency;
			package = 5F26DD762D14091800EDE4AB /* XCRemoteSwiftPackageReference "GRDBQuery" */;
			productName = GRDBQuery;
		};
/* End XCSwiftPackageProductDependency section */
	};
	rootObject = 5F5D8DA12D11973B00B0B521 /* Project object */;
}
